// !$*UTF8*$!
{
	archiveVersion = 1;
	classes = {
	};
	objectVersion = 56;
	objects = {

/* Begin PBXBuildFile section */
		3D6BC3DD2BD9424A00E5BA5A /* SampleLocTest1App.swift in Sources */ = {isa = PBXBuildFile; fileRef = 3D6BC3DC2BD9424A00E5BA5A /* SampleLocTest1App.swift */; };
		3D6BC3DF2BD9424A00E5BA5A /* ContentView.swift in Sources */ = {isa = PBXBuildFile; fileRef = 3D6BC3DE2BD9424A00E5BA5A /* ContentView.swift */; };
		3D6BC3E12BD9425200E5BA5A /* Assets.xcassets in Resources */ = {isa = PBXBuildFile; fileRef = 3D6BC3E02BD9425200E5BA5A /* Assets.xcassets */; };
		3D6BC3E42BD9425200E5BA5A /* Preview Assets.xcassets in Resources */ = {isa = PBXBuildFile; fileRef = 3D6BC3E32BD9425200E5BA5A /* Preview Assets.xcassets */; };
		3D6BC3EE2BD9425200E5BA5A /* SampleLocTest1Tests.swift in Sources */ = {isa = PBXBuildFile; fileRef = 3D6BC3ED2BD9425200E5BA5A /* SampleLocTest1Tests.swift */; };
		3D6BC3F82BD9425200E5BA5A /* SampleLocTest1UITests.swift in Sources */ = {isa = PBXBuildFile; fileRef = 3D6BC3F72BD9425200E5BA5A /* SampleLocTest1UITests.swift */; };
		3D6BC3FA2BD9425200E5BA5A /* SampleLocTest1UITestsLaunchTests.swift in Sources */ = {isa = PBXBuildFile; fileRef = 3D6BC3F92BD9425200E5BA5A /* SampleLocTest1UITestsLaunchTests.swift */; };
		3D6BC4082BD9455B00E5BA5A /* Localizable.strings in Resources */ = {isa = PBXBuildFile; fileRef = 3D6BC40A2BD9455B00E5BA5A /* Localizable.strings */; };
/* End PBXBuildFile section */

/* Begin PBXContainerItemProxy section */
		3D6BC3EA2BD9425200E5BA5A /* PBXContainerItemProxy */ = {
			isa = PBXContainerItemProxy;
			containerPortal = 3D6BC3D12BD9424A00E5BA5A /* Project object */;
			proxyType = 1;
			remoteGlobalIDString = 3D6BC3D82BD9424A00E5BA5A;
			remoteInfo = SampleLocTest1;
		};
		3D6BC3F42BD9425200E5BA5A /* PBXContainerItemProxy */ = {
			isa = PBXContainerItemProxy;
			containerPortal = 3D6BC3D12BD9424A00E5BA5A /* Project object */;
			proxyType = 1;
			remoteGlobalIDString = 3D6BC3D82BD9424A00E5BA5A;
			remoteInfo = SampleLocTest1;
		};
/* End PBXContainerItemProxy section */

/* Begin PBXFileReference section */
		3D6BC3D92BD9424A00E5BA5A /* SampleLocTest1.app */ = {isa = PBXFileReference; explicitFileType = wrapper.application; includeInIndex = 0; path = SampleLocTest1.app; sourceTree = BUILT_PRODUCTS_DIR; };
		3D6BC3DC2BD9424A00E5BA5A /* SampleLocTest1App.swift */ = {isa = PBXFileReference; lastKnownFileType = sourcecode.swift; path = SampleLocTest1App.swift; sourceTree = "<group>"; };
		3D6BC3DE2BD9424A00E5BA5A /* ContentView.swift */ = {isa = PBXFileReference; lastKnownFileType = sourcecode.swift; path = ContentView.swift; sourceTree = "<group>"; };
		3D6BC3E02BD9425200E5BA5A /* Assets.xcassets */ = {isa = PBXFileReference; lastKnownFileType = folder.assetcatalog; path = Assets.xcassets; sourceTree = "<group>"; };
		3D6BC3E32BD9425200E5BA5A /* Preview Assets.xcassets */ = {isa = PBXFileReference; lastKnownFileType = folder.assetcatalog; path = "Preview Assets.xcassets"; sourceTree = "<group>"; };
		3D6BC3E92BD9425200E5BA5A /* SampleLocTest1Tests.xctest */ = {isa = PBXFileReference; explicitFileType = wrapper.cfbundle; includeInIndex = 0; path = SampleLocTest1Tests.xctest; sourceTree = BUILT_PRODUCTS_DIR; };
		3D6BC3ED2BD9425200E5BA5A /* SampleLocTest1Tests.swift */ = {isa = PBXFileReference; lastKnownFileType = sourcecode.swift; path = SampleLocTest1Tests.swift; sourceTree = "<group>"; };
		3D6BC3F32BD9425200E5BA5A /* SampleLocTest1UITests.xctest */ = {isa = PBXFileReference; explicitFileType = wrapper.cfbundle; includeInIndex = 0; path = SampleLocTest1UITests.xctest; sourceTree = BUILT_PRODUCTS_DIR; };
		3D6BC3F72BD9425200E5BA5A /* SampleLocTest1UITests.swift */ = {isa = PBXFileReference; lastKnownFileType = sourcecode.swift; path = SampleLocTest1UITests.swift; sourceTree = "<group>"; };
		3D6BC3F92BD9425200E5BA5A /* SampleLocTest1UITestsLaunchTests.swift */ = {isa = PBXFileReference; lastKnownFileType = sourcecode.swift; path = SampleLocTest1UITestsLaunchTests.swift; sourceTree = "<group>"; };
		3D6BC4092BD9455B00E5BA5A /* en */ = {isa = PBXFileReference; lastKnownFileType = text.plist.strings; name = en; path = en.lproj/Localizable.strings; sourceTree = "<group>"; };
		3D6BC40C2BD9455F00E5BA5A /* es */ = {isa = PBXFileReference; lastKnownFileType = text.plist.strings; name = es; path = es.lproj/Localizable.strings; sourceTree = "<group>"; };
		3D6BC40D2BD9456A00E5BA5A /* it */ = {isa = PBXFileReference; lastKnownFileType = text.plist.strings; name = it; path = it.lproj/Localizable.strings; sourceTree = "<group>"; };
/* End PBXFileReference section */

/* Begin PBXFrameworksBuildPhase section */
		3D6BC3D62BD9424A00E5BA5A /* Frameworks */ = {
			isa = PBXFrameworksBuildPhase;
			buildActionMask = 2147483647;
			files = (
			);
			runOnlyForDeploymentPostprocessing = 0;
		};
		3D6BC3E62BD9425200E5BA5A /* Frameworks */ = {
			isa = PBXFrameworksBuildPhase;
			buildActionMask = 2147483647;
			files = (
			);
			runOnlyForDeploymentPostprocessing = 0;
		};
		3D6BC3F02BD9425200E5BA5A /* Frameworks */ = {
			isa = PBXFrameworksBuildPhase;
			buildActionMask = 2147483647;
			files = (
			);
			runOnlyForDeploymentPostprocessing = 0;
		};
/* End PBXFrameworksBuildPhase section */

/* Begin PBXGroup section */
		3D6BC3D02BD9424A00E5BA5A = {
			isa = PBXGroup;
			children = (
				3D6BC3DB2BD9424A00E5BA5A /* SampleLocTest1 */,
				3D6BC3EC2BD9425200E5BA5A /* SampleLocTest1Tests */,
				3D6BC3F62BD9425200E5BA5A /* SampleLocTest1UITests */,
				3D6BC3DA2BD9424A00E5BA5A /* Products */,
			);
			sourceTree = "<group>";
		};
		3D6BC3DA2BD9424A00E5BA5A /* Products */ = {
			isa = PBXGroup;
			children = (
				3D6BC3D92BD9424A00E5BA5A /* SampleLocTest1.app */,
				3D6BC3E92BD9425200E5BA5A /* SampleLocTest1Tests.xctest */,
				3D6BC3F32BD9425200E5BA5A /* SampleLocTest1UITests.xctest */,
			);
			name = Products;
			sourceTree = "<group>";
		};
		3D6BC3DB2BD9424A00E5BA5A /* SampleLocTest1 */ = {
			isa = PBXGroup;
			children = (
				3D6BC3DC2BD9424A00E5BA5A /* SampleLocTest1App.swift */,
				3D6BC3DE2BD9424A00E5BA5A /* ContentView.swift */,
				3D6BC3E02BD9425200E5BA5A /* Assets.xcassets */,
				3D6BC3E22BD9425200E5BA5A /* Preview Content */,
				3D6BC40A2BD9455B00E5BA5A /* Localizable.strings */,
			);
			path = SampleLocTest1;
			sourceTree = "<group>";
		};
		3D6BC3E22BD9425200E5BA5A /* Preview Content */ = {
			isa = PBXGroup;
			children = (
				3D6BC3E32BD9425200E5BA5A /* Preview Assets.xcassets */,
			);
			path = "Preview Content";
			sourceTree = "<group>";
		};
		3D6BC3EC2BD9425200E5BA5A /* SampleLocTest1Tests */ = {
			isa = PBXGroup;
			children = (
				3D6BC3ED2BD9425200E5BA5A /* SampleLocTest1Tests.swift */,
			);
			path = SampleLocTest1Tests;
			sourceTree = "<group>";
		};
		3D6BC3F62BD9425200E5BA5A /* SampleLocTest1UITests */ = {
			isa = PBXGroup;
			children = (
				3D6BC3F72BD9425200E5BA5A /* SampleLocTest1UITests.swift */,
				3D6BC3F92BD9425200E5BA5A /* SampleLocTest1UITestsLaunchTests.swift */,
			);
			path = SampleLocTest1UITests;
			sourceTree = "<group>";
		};
/* End PBXGroup section */

/* Begin PBXNativeTarget section */
		3D6BC3D82BD9424A00E5BA5A /* SampleLocTest1 */ = {
			isa = PBXNativeTarget;
			buildConfigurationList = 3D6BC3FD2BD9425200E5BA5A /* Build configuration list for PBXNativeTarget "SampleLocTest1" */;
			buildPhases = (
				3D6BC3D52BD9424A00E5BA5A /* Sources */,
				3D6BC3D62BD9424A00E5BA5A /* Frameworks */,
				3D6BC3D72BD9424A00E5BA5A /* Resources */,
			);
			buildRules = (
			);
			dependencies = (
			);
			name = SampleLocTest1;
			productName = SampleLocTest1;
			productReference = 3D6BC3D92BD9424A00E5BA5A /* SampleLocTest1.app */;
			productType = "com.apple.product-type.application";
		};
		3D6BC3E82BD9425200E5BA5A /* SampleLocTest1Tests */ = {
			isa = PBXNativeTarget;
			buildConfigurationList = 3D6BC4002BD9425200E5BA5A /* Build configuration list for PBXNativeTarget "SampleLocTest1Tests" */;
			buildPhases = (
				3D6BC3E52BD9425200E5BA5A /* Sources */,
				3D6BC3E62BD9425200E5BA5A /* Frameworks */,
				3D6BC3E72BD9425200E5BA5A /* Resources */,
			);
			buildRules = (
			);
			dependencies = (
				3D6BC3EB2BD9425200E5BA5A /* PBXTargetDependency */,
			);
			name = SampleLocTest1Tests;
			productName = SampleLocTest1Tests;
			productReference = 3D6BC3E92BD9425200E5BA5A /* SampleLocTest1Tests.xctest */;
			productType = "com.apple.product-type.bundle.unit-test";
		};
		3D6BC3F22BD9425200E5BA5A /* SampleLocTest1UITests */ = {
			isa = PBXNativeTarget;
			buildConfigurationList = 3D6BC4032BD9425200E5BA5A /* Build configuration list for PBXNativeTarget "SampleLocTest1UITests" */;
			buildPhases = (
				3D6BC3EF2BD9425200E5BA5A /* Sources */,
				3D6BC3F02BD9425200E5BA5A /* Frameworks */,
				3D6BC3F12BD9425200E5BA5A /* Resources */,
			);
			buildRules = (
			);
			dependencies = (
				3D6BC3F52BD9425200E5BA5A /* PBXTargetDependency */,
			);
			name = SampleLocTest1UITests;
			productName = SampleLocTest1UITests;
			productReference = 3D6BC3F32BD9425200E5BA5A /* SampleLocTest1UITests.xctest */;
			productType = "com.apple.product-type.bundle.ui-testing";
		};
/* End PBXNativeTarget section */

/* Begin PBXProject section */
		3D6BC3D12BD9424A00E5BA5A /* Project object */ = {
			isa = PBXProject;
			attributes = {
				BuildIndependentTargetsInParallel = 1;
				LastSwiftUpdateCheck = 1520;
				LastUpgradeCheck = 1520;
				TargetAttributes = {
					3D6BC3D82BD9424A00E5BA5A = {
						CreatedOnToolsVersion = 15.2;
					};
					3D6BC3E82BD9425200E5BA5A = {
						CreatedOnToolsVersion = 15.2;
						TestTargetID = 3D6BC3D82BD9424A00E5BA5A;
					};
					3D6BC3F22BD9425200E5BA5A = {
						CreatedOnToolsVersion = 15.2;
						TestTargetID = 3D6BC3D82BD9424A00E5BA5A;
					};
				};
			};
			buildConfigurationList = 3D6BC3D42BD9424A00E5BA5A /* Build configuration list for PBXProject "SampleLocTest1" */;
			compatibilityVersion = "Xcode 14.0";
			developmentRegion = en;
			hasScannedForEncodings = 0;
			knownRegions = (
				en,
				Base,
				it,
				es,
			);
			mainGroup = 3D6BC3D02BD9424A00E5BA5A;
			productRefGroup = 3D6BC3DA2BD9424A00E5BA5A /* Products */;
			projectDirPath = "";
			projectRoot = "";
			targets = (
				3D6BC3D82BD9424A00E5BA5A /* SampleLocTest1 */,
				3D6BC3E82BD9425200E5BA5A /* SampleLocTest1Tests */,
				3D6BC3F22BD9425200E5BA5A /* SampleLocTest1UITests */,
			);
		};
/* End PBXProject section */

/* Begin PBXResourcesBuildPhase section */
		3D6BC3D72BD9424A00E5BA5A /* Resources */ = {
			isa = PBXResourcesBuildPhase;
			buildActionMask = 2147483647;
			files = (
				3D6BC3E42BD9425200E5BA5A /* Preview Assets.xcassets in Resources */,
				3D6BC4082BD9455B00E5BA5A /* Localizable.strings in Resources */,
				3D6BC3E12BD9425200E5BA5A /* Assets.xcassets in Resources */,
			);
			runOnlyForDeploymentPostprocessing = 0;
		};
		3D6BC3E72BD9425200E5BA5A /* Resources */ = {
			isa = PBXResourcesBuildPhase;
			buildActionMask = 2147483647;
			files = (
			);
			runOnlyForDeploymentPostprocessing = 0;
		};
		3D6BC3F12BD9425200E5BA5A /* Resources */ = {
			isa = PBXResourcesBuildPhase;
			buildActionMask = 2147483647;
			files = (
			);
			runOnlyForDeploymentPostprocessing = 0;
		};
/* End PBXResourcesBuildPhase section */

/* Begin PBXSourcesBuildPhase section */
		3D6BC3D52BD9424A00E5BA5A /* Sources */ = {
			isa = PBXSourcesBuildPhase;
			buildActionMask = 2147483647;
			files = (
				3D6BC3DF2BD9424A00E5BA5A /* ContentView.swift in Sources */,
				3D6BC3DD2BD9424A00E5BA5A /* SampleLocTest1App.swift in Sources */,
			);
			runOnlyForDeploymentPostprocessing = 0;
		};
		3D6BC3E52BD9425200E5BA5A /* Sources */ = {
			isa = PBXSourcesBuildPhase;
			buildActionMask = 2147483647;
			files = (
				3D6BC3EE2BD9425200E5BA5A /* SampleLocTest1Tests.swift in Sources */,
			);
			runOnlyForDeploymentPostprocessing = 0;
		};
		3D6BC3EF2BD9425200E5BA5A /* Sources */ = {
			isa = PBXSourcesBuildPhase;
			buildActionMask = 2147483647;
			files = (
				3D6BC3F82BD9425200E5BA5A /* SampleLocTest1UITests.swift in Sources */,
				3D6BC3FA2BD9425200E5BA5A /* SampleLocTest1UITestsLaunchTests.swift in Sources */,
			);
			runOnlyForDeploymentPostprocessing = 0;
		};
/* End PBXSourcesBuildPhase section */

/* Begin PBXTargetDependency section */
		3D6BC3EB2BD9425200E5BA5A /* PBXTargetDependency */ = {
			isa = PBXTargetDependency;
			target = 3D6BC3D82BD9424A00E5BA5A /* SampleLocTest1 */;
			targetProxy = 3D6BC3EA2BD9425200E5BA5A /* PBXContainerItemProxy */;
		};
		3D6BC3F52BD9425200E5BA5A /* PBXTargetDependency */ = {
			isa = PBXTargetDependency;
			target = 3D6BC3D82BD9424A00E5BA5A /* SampleLocTest1 */;
			targetProxy = 3D6BC3F42BD9425200E5BA5A /* PBXContainerItemProxy */;
		};
/* End PBXTargetDependency section */

/* Begin PBXVariantGroup section */
		3D6BC40A2BD9455B00E5BA5A /* Localizable.strings */ = {
			isa = PBXVariantGroup;
			children = (
				3D6BC4092BD9455B00E5BA5A /* en */,
				3D6BC40C2BD9455F00E5BA5A /* es */,
				3D6BC40D2BD9456A00E5BA5A /* it */,
			);
			name = Localizable.strings;
			sourceTree = "<group>";
		};
/* End PBXVariantGroup section */

/* Begin XCBuildConfiguration section */
		3D6BC3FB2BD9425200E5BA5A /* Debug */ = {
			isa = XCBuildConfiguration;
			buildSettings = {
				ALWAYS_SEARCH_USER_PATHS = NO;
				ASSETCATALOG_COMPILER_GENERATE_SWIFT_ASSET_SYMBOL_EXTENSIONS = YES;
				CLANG_ANALYZER_NONNULL = YES;
				CLANG_ANALYZER_NUMBER_OBJECT_CONVERSION = YES_AGGRESSIVE;
				CLANG_CXX_LANGUAGE_STANDARD = "gnu++20";
				CLANG_ENABLE_MODULES = YES;
				CLANG_ENABLE_OBJC_ARC = YES;
				CLANG_ENABLE_OBJC_WEAK = YES;
				CLANG_WARN_BLOCK_CAPTURE_AUTORELEASING = YES;
				CLANG_WARN_BOOL_CONVERSION = YES;
				CLANG_WARN_COMMA = YES;
				CLANG_WARN_CONSTANT_CONVERSION = YES;
				CLANG_WARN_DEPRECATED_OBJC_IMPLEMENTATIONS = YES;
				CLANG_WARN_DIRECT_OBJC_ISA_USAGE = YES_ERROR;
				CLANG_WARN_DOCUMENTATION_COMMENTS = YES;
				CLANG_WARN_EMPTY_BODY = YES;
				CLANG_WARN_ENUM_CONVERSION = YES;
				CLANG_WARN_INFINITE_RECURSION = YES;
				CLANG_WARN_INT_CONVERSION = YES;
				CLANG_WARN_NON_LITERAL_NULL_CONVERSION = YES;
				CLANG_WARN_OBJC_IMPLICIT_RETAIN_SELF = YES;
				CLANG_WARN_OBJC_LITERAL_CONVERSION = YES;
				CLANG_WARN_OBJC_ROOT_CLASS = YES_ERROR;
				CLANG_WARN_QUOTED_INCLUDE_IN_FRAMEWORK_HEADER = YES;
				CLANG_WARN_RANGE_LOOP_ANALYSIS = YES;
				CLANG_WARN_STRICT_PROTOTYPES = YES;
				CLANG_WARN_SUSPICIOUS_MOVE = YES;
				CLANG_WARN_UNGUARDED_AVAILABILITY = YES_AGGRESSIVE;
				CLANG_WARN_UNREACHABLE_CODE = YES;
				CLANG_WARN__DUPLICATE_METHOD_MATCH = YES;
				COPY_PHASE_STRIP = NO;
				DEBUG_INFORMATION_FORMAT = dwarf;
				ENABLE_STRICT_OBJC_MSGSEND = YES;
				ENABLE_TESTABILITY = YES;
				ENABLE_USER_SCRIPT_SANDBOXING = YES;
				GCC_C_LANGUAGE_STANDARD = gnu17;
				GCC_DYNAMIC_NO_PIC = NO;
				GCC_NO_COMMON_BLOCKS = YES;
				GCC_OPTIMIZATION_LEVEL = 0;
				GCC_PREPROCESSOR_DEFINITIONS = (
					"DEBUG=1",
					"$(inherited)",
				);
				GCC_WARN_64_TO_32_BIT_CONVERSION = YES;
				GCC_WARN_ABOUT_RETURN_TYPE = YES_ERROR;
				GCC_WARN_UNDECLARED_SELECTOR = YES;
				GCC_WARN_UNINITIALIZED_AUTOS = YES_AGGRESSIVE;
				GCC_WARN_UNUSED_FUNCTION = YES;
				GCC_WARN_UNUSED_VARIABLE = YES;
				IPHONEOS_DEPLOYMENT_TARGET = 17.2;
				LOCALIZATION_PREFERS_STRING_CATALOGS = YES;
				MTL_ENABLE_DEBUG_INFO = INCLUDE_SOURCE;
				MTL_FAST_MATH = YES;
				ONLY_ACTIVE_ARCH = YES;
				SDKROOT = iphoneos;
				SWIFT_ACTIVE_COMPILATION_CONDITIONS = "DEBUG $(inherited)";
				SWIFT_OPTIMIZATION_LEVEL = "-Onone";
			};
			name = Debug;
		};
		3D6BC3FC2BD9425200E5BA5A /* Release */ = {
			isa = XCBuildConfiguration;
			buildSettings = {
				ALWAYS_SEARCH_USER_PATHS = NO;
				ASSETCATALOG_COMPILER_GENERATE_SWIFT_ASSET_SYMBOL_EXTENSIONS = YES;
				CLANG_ANALYZER_NONNULL = YES;
				CLANG_ANALYZER_NUMBER_OBJECT_CONVERSION = YES_AGGRESSIVE;
				CLANG_CXX_LANGUAGE_STANDARD = "gnu++20";
				CLANG_ENABLE_MODULES = YES;
				CLANG_ENABLE_OBJC_ARC = YES;
				CLANG_ENABLE_OBJC_WEAK = YES;
				CLANG_WARN_BLOCK_CAPTURE_AUTORELEASING = YES;
				CLANG_WARN_BOOL_CONVERSION = YES;
				CLANG_WARN_COMMA = YES;
				CLANG_WARN_CONSTANT_CONVERSION = YES;
				CLANG_WARN_DEPRECATED_OBJC_IMPLEMENTATIONS = YES;
				CLANG_WARN_DIRECT_OBJC_ISA_USAGE = YES_ERROR;
				CLANG_WARN_DOCUMENTATION_COMMENTS = YES;
				CLANG_WARN_EMPTY_BODY = YES;
				CLANG_WARN_ENUM_CONVERSION = YES;
				CLANG_WARN_INFINITE_RECURSION = YES;
				CLANG_WARN_INT_CONVERSION = YES;
				CLANG_WARN_NON_LITERAL_NULL_CONVERSION = YES;
				CLANG_WARN_OBJC_IMPLICIT_RETAIN_SELF = YES;
				CLANG_WARN_OBJC_LITERAL_CONVERSION = YES;
				CLANG_WARN_OBJC_ROOT_CLASS = YES_ERROR;
				CLANG_WARN_QUOTED_INCLUDE_IN_FRAMEWORK_HEADER = YES;
				CLANG_WARN_RANGE_LOOP_ANALYSIS = YES;
				CLANG_WARN_STRICT_PROTOTYPES = YES;
				CLANG_WARN_SUSPICIOUS_MOVE = YES;
				CLANG_WARN_UNGUARDED_AVAILABILITY = YES_AGGRESSIVE;
				CLANG_WARN_UNREACHABLE_CODE = YES;
				CLANG_WARN__DUPLICATE_METHOD_MATCH = YES;
				COPY_PHASE_STRIP = NO;
				DEBUG_INFORMATION_FORMAT = "dwarf-with-dsym";
				ENABLE_NS_ASSERTIONS = NO;
				ENABLE_STRICT_OBJC_MSGSEND = YES;
				ENABLE_USER_SCRIPT_SANDBOXING = YES;
				GCC_C_LANGUAGE_STANDARD = gnu17;
				GCC_NO_COMMON_BLOCKS = YES;
				GCC_WARN_64_TO_32_BIT_CONVERSION = YES;
				GCC_WARN_ABOUT_RETURN_TYPE = YES_ERROR;
				GCC_WARN_UNDECLARED_SELECTOR = YES;
				GCC_WARN_UNINITIALIZED_AUTOS = YES_AGGRESSIVE;
				GCC_WARN_UNUSED_FUNCTION = YES;
				GCC_WARN_UNUSED_VARIABLE = YES;
				IPHONEOS_DEPLOYMENT_TARGET = 17.2;
				LOCALIZATION_PREFERS_STRING_CATALOGS = YES;
				MTL_ENABLE_DEBUG_INFO = NO;
				MTL_FAST_MATH = YES;
				SDKROOT = iphoneos;
				SWIFT_COMPILATION_MODE = wholemodule;
				VALIDATE_PRODUCT = YES;
			};
			name = Release;
		};
		3D6BC3FE2BD9425200E5BA5A /* Debug */ = {
			isa = XCBuildConfiguration;
			buildSettings = {
				ASSETCATALOG_COMPILER_APPICON_NAME = AppIcon;
				ASSETCATALOG_COMPILER_GLOBAL_ACCENT_COLOR_NAME = AccentColor;
				CODE_SIGN_STYLE = Automatic;
				CURRENT_PROJECT_VERSION = 1;
				DEVELOPMENT_ASSET_PATHS = "\"SampleLocTest1/Preview Content\"";
				DEVELOPMENT_TEAM = 9F3M4EZ6SR;
				ENABLE_PREVIEWS = YES;
				GENERATE_INFOPLIST_FILE = YES;
				INFOPLIST_KEY_UIApplicationSceneManifest_Generation = YES;
				INFOPLIST_KEY_UIApplicationSupportsIndirectInputEvents = YES;
				INFOPLIST_KEY_UILaunchScreen_Generation = YES;
				INFOPLIST_KEY_UISupportedInterfaceOrientations_iPad = "UIInterfaceOrientationPortrait UIInterfaceOrientationPortraitUpsideDown UIInterfaceOrientationLandscapeLeft UIInterfaceOrientationLandscapeRight";
				INFOPLIST_KEY_UISupportedInterfaceOrientations_iPhone = "UIInterfaceOrientationPortrait UIInterfaceOrientationLandscapeLeft UIInterfaceOrientationLandscapeRight";
				LD_RUNPATH_SEARCH_PATHS = (
					"$(inherited)",
					"@executable_path/Frameworks",
				);
				MARKETING_VERSION = 1.0;
				PRODUCT_BUNDLE_IDENTIFIER = com.patricioreyes.SampleLocTest1;
				PRODUCT_NAME = "$(TARGET_NAME)";
				SWIFT_EMIT_LOC_STRINGS = YES;
				SWIFT_VERSION = 5.0;
				TARGETED_DEVICE_FAMILY = "1,2";
			};
			name = Debug;
		};
		3D6BC3FF2BD9425200E5BA5A /* Release */ = {
			isa = XCBuildConfiguration;
			buildSettings = {
				ASSETCATALOG_COMPILER_APPICON_NAME = AppIcon;
				ASSETCATALOG_COMPILER_GLOBAL_ACCENT_COLOR_NAME = AccentColor;
				CODE_SIGN_STYLE = Automatic;
				CURRENT_PROJECT_VERSION = 1;
				DEVELOPMENT_ASSET_PATHS = "\"SampleLocTest1/Preview Content\"";
				DEVELOPMENT_TEAM = 9F3M4EZ6SR;
				ENABLE_PREVIEWS = YES;
				GENERATE_INFOPLIST_FILE = YES;
				INFOPLIST_KEY_UIApplicationSceneManifest_Generation = YES;
				INFOPLIST_KEY_UIApplicationSupportsIndirectInputEvents = YES;
				INFOPLIST_KEY_UILaunchScreen_Generation = YES;
				INFOPLIST_KEY_UISupportedInterfaceOrientations_iPad = "UIInterfaceOrientationPortrait UIInterfaceOrientationPortraitUpsideDown UIInterfaceOrientationLandscapeLeft UIInterfaceOrientationLandscapeRight";
				INFOPLIST_KEY_UISupportedInterfaceOrientations_iPhone = "UIInterfaceOrientationPortrait UIInterfaceOrientationLandscapeLeft UIInterfaceOrientationLandscapeRight";
				LD_RUNPATH_SEARCH_PATHS = (
					"$(inherited)",
					"@executable_path/Frameworks",
				);
				MARKETING_VERSION = 1.0;
				PRODUCT_BUNDLE_IDENTIFIER = com.patricioreyes.SampleLocTest1;
				PRODUCT_NAME = "$(TARGET_NAME)";
				SWIFT_EMIT_LOC_STRINGS = YES;
				SWIFT_VERSION = 5.0;
				TARGETED_DEVICE_FAMILY = "1,2";
			};
			name = Release;
		};
		3D6BC4012BD9425200E5BA5A /* Debug */ = {
			isa = XCBuildConfiguration;
			buildSettings = {
				ALWAYS_EMBED_SWIFT_STANDARD_LIBRARIES = YES;
				BUNDLE_LOADER = "$(TEST_HOST)";
				CODE_SIGN_STYLE = Automatic;
				CURRENT_PROJECT_VERSION = 1;
				DEVELOPMENT_TEAM = 9F3M4EZ6SR;
				GENERATE_INFOPLIST_FILE = YES;
				IPHONEOS_DEPLOYMENT_TARGET = 17.2;
				MARKETING_VERSION = 1.0;
				PRODUCT_BUNDLE_IDENTIFIER = com.patricioreyes.SampleLocTest1Tests;
				PRODUCT_NAME = "$(TARGET_NAME)";
				SWIFT_EMIT_LOC_STRINGS = NO;
				SWIFT_VERSION = 5.0;
				TARGETED_DEVICE_FAMILY = "1,2";
				TEST_HOST = "$(BUILT_PRODUCTS_DIR)/SampleLocTest1.app/$(BUNDLE_EXECUTABLE_FOLDER_PATH)/SampleLocTest1";
			};
			name = Debug;
		};
		3D6BC4022BD9425200E5BA5A /* Release */ = {
			isa = XCBuildConfiguration;
			buildSettings = {
				ALWAYS_EMBED_SWIFT_STANDARD_LIBRARIES = YES;
				BUNDLE_LOADER = "$(TEST_HOST)";
				CODE_SIGN_STYLE = Automatic;
				CURRENT_PROJECT_VERSION = 1;
				DEVELOPMENT_TEAM = 9F3M4EZ6SR;
				GENERATE_INFOPLIST_FILE = YES;
				IPHONEOS_DEPLOYMENT_TARGET = 17.2;
				MARKETING_VERSION = 1.0;
				PRODUCT_BUNDLE_IDENTIFIER = com.patricioreyes.SampleLocTest1Tests;
				PRODUCT_NAME = "$(TARGET_NAME)";
				SWIFT_EMIT_LOC_STRINGS = NO;
				SWIFT_VERSION = 5.0;
				TARGETED_DEVICE_FAMILY = "1,2";
				TEST_HOST = "$(BUILT_PRODUCTS_DIR)/SampleLocTest1.app/$(BUNDLE_EXECUTABLE_FOLDER_PATH)/SampleLocTest1";
			};
			name = Release;
		};
		3D6BC4042BD9425200E5BA5A /* Debug */ = {
			isa = XCBuildConfiguration;
			buildSettings = {
				ALWAYS_EMBED_SWIFT_STANDARD_LIBRARIES = YES;
				CODE_SIGN_STYLE = Automatic;
				CURRENT_PROJECT_VERSION = 1;
				DEVELOPMENT_TEAM = 9F3M4EZ6SR;
				GENERATE_INFOPLIST_FILE = YES;
				MARKETING_VERSION = 1.0;
				PRODUCT_BUNDLE_IDENTIFIER = com.patricioreyes.SampleLocTest1UITests;
				PRODUCT_NAME = "$(TARGET_NAME)";
				SWIFT_EMIT_LOC_STRINGS = NO;
				SWIFT_VERSION = 5.0;
				TARGETED_DEVICE_FAMILY = "1,2";
				TEST_TARGET_NAME = SampleLocTest1;
			};
			name = Debug;
		};
		3D6BC4052BD9425200E5BA5A /* Release */ = {
			isa = XCBuildConfiguration;
			buildSettings = {
				ALWAYS_EMBED_SWIFT_STANDARD_LIBRARIES = YES;
				CODE_SIGN_STYLE = Automatic;
				CURRENT_PROJECT_VERSION = 1;
				DEVELOPMENT_TEAM = 9F3M4EZ6SR;
				GENERATE_INFOPLIST_FILE = YES;
				MARKETING_VERSION = 1.0;
				PRODUCT_BUNDLE_IDENTIFIER = com.patricioreyes.SampleLocTest1UITests;
				PRODUCT_NAME = "$(TARGET_NAME)";
				SWIFT_EMIT_LOC_STRINGS = NO;
				SWIFT_VERSION = 5.0;
				TARGETED_DEVICE_FAMILY = "1,2";
				TEST_TARGET_NAME = SampleLocTest1;
			};
			name = Release;
		};
/* End XCBuildConfiguration section */

/* Begin XCConfigurationList section */
		3D6BC3D42BD9424A00E5BA5A /* Build configuration list for PBXProject "SampleLocTest1" */ = {
			isa = XCConfigurationList;
			buildConfigurations = (
				3D6BC3FB2BD9425200E5BA5A /* Debug */,
				3D6BC3FC2BD9425200E5BA5A /* Release */,
			);
			defaultConfigurationIsVisible = 0;
			defaultConfigurationName = Release;
		};
		3D6BC3FD2BD9425200E5BA5A /* Build configuration list for PBXNativeTarget "SampleLocTest1" */ = {
			isa = XCConfigurationList;
			buildConfigurations = (
				3D6BC3FE2BD9425200E5BA5A /* Debug */,
				3D6BC3FF2BD9425200E5BA5A /* Release */,
			);
			defaultConfigurationIsVisible = 0;
			defaultConfigurationName = Release;
		};
		3D6BC4002BD9425200E5BA5A /* Build configuration list for PBXNativeTarget "SampleLocTest1Tests" */ = {
			isa = XCConfigurationList;
			buildConfigurations = (
				3D6BC4012BD9425200E5BA5A /* Debug */,
				3D6BC4022BD9425200E5BA5A /* Release */,
			);
			defaultConfigurationIsVisible = 0;
			defaultConfigurationName = Release;
		};
		3D6BC4032BD9425200E5BA5A /* Build configuration list for PBXNativeTarget "SampleLocTest1UITests" */ = {
			isa = XCConfigurationList;
			buildConfigurations = (
				3D6BC4042BD9425200E5BA5A /* Debug */,
				3D6BC4052BD9425200E5BA5A /* Release */,
			);
			defaultConfigurationIsVisible = 0;
			defaultConfigurationName = Release;
		};
/* End XCConfigurationList section */
	};
	rootObject = 3D6BC3D12BD9424A00E5BA5A /* Project object */;
}
